<Solution>
  <Project Path="JipperKeyViewer/JipperKeyViewer.csproj" Id="8F6E4D2C-1A3B-5C7D-9E0F-2468ACE02468" />
  <Project Path="JipperKeyViewer.Loader.UMM/JipperKeyViewer.Loader.UMM.csproj" Id="5E8F63B2-D6C5-6F9A-0E7D-24C1D567E890" />
  <Project Path="JipperKeyViewer.Loader.Melon/JipperKeyViewer.Loader.Melon.csproj" Id="6F9E73C3-E7D6-4F9A-1E8E-35D2E678F901" />
  <Project Path="TgtCompat/KeyViewer.csproj" Id="7A1F84D4-F8E7-4A9B-2F7F-46E3F789A012" />
</Solution>
